
Microsoft Visual Studio Solution File, Format Version 12.00
# Visual Studio Version 17
VisualStudioVersion = 17.0.31903.59
MinimumVisualStudioVersion = 10.0.40219.1
Project("{FAE04EC0-301F-11D3-BF4B-00C04F79EFBC}") = "DplyrSharp", "DplyrSharp\DplyrSharp.csproj", "{29B0701E-4A7A-4992-A0FA-B8C28247285E}"
EndProject
Project("{FAE04EC0-301F-11D3-BF4B-00C04F79EFBC}") = "ExampleProgram", "ExampleProgram\ExampleProgram.csproj", "{CD9FAD12-8C74-476F-8B90-BBB1614363A7}"
EndProject
Project("{FAE04EC0-301F-11D3-BF4B-00C04F79EFBC}") = "ExampleProgramSimple", "ExampleProgramSimple\ExampleProgramSimple.csproj", "{56C9D07B-957D-47E8-B0A7-808DBBBDA503}"
EndProject
Global
	GlobalSection(SolutionConfigurationPlatforms) = preSolution
		Debug|Any CPU = Debug|Any CPU
		Debug|x64 = Debug|x64
		Debug|x86 = Debug|x86
		Release|Any CPU = Release|Any CPU
		Release|x64 = Release|x64
		Release|x86 = Release|x86
	EndGlobalSection
	GlobalSection(ProjectConfigurationPlatforms) = postSolution
		{29B0701E-4A7A-4992-A0FA-B8C28247285E}.Debug|Any CPU.ActiveCfg = Debug|Any CPU
		{29B0701E-4A7A-4992-A0FA-B8C28247285E}.Debug|Any CPU.Build.0 = Debug|Any CPU
		{29B0701E-4A7A-4992-A0FA-B8C28247285E}.Debug|x64.ActiveCfg = Debug|Any CPU
		{29B0701E-4A7A-4992-A0FA-B8C28247285E}.Debug|x64.Build.0 = Debug|Any CPU
		{29B0701E-4A7A-4992-A0FA-B8C28247285E}.Debug|x86.ActiveCfg = Debug|Any CPU
		{29B0701E-4A7A-4992-A0FA-B8C28247285E}.Debug|x86.Build.0 = Debug|Any CPU
		{29B0701E-4A7A-4992-A0FA-B8C28247285E}.Release|Any CPU.ActiveCfg = Release|Any CPU
		{29B0701E-4A7A-4992-A0FA-B8C28247285E}.Release|Any CPU.Build.0 = Release|Any CPU
		{29B0701E-4A7A-4992-A0FA-B8C28247285E}.Release|x64.ActiveCfg = Release|Any CPU
		{29B0701E-4A7A-4992-A0FA-B8C28247285E}.Release|x64.Build.0 = Release|Any CPU
		{29B0701E-4A7A-4992-A0FA-B8C28247285E}.Release|x86.ActiveCfg = Release|Any CPU
		{29B0701E-4A7A-4992-A0FA-B8C28247285E}.Release|x86.Build.0 = Release|Any CPU
		{CD9FAD12-8C74-476F-8B90-BBB1614363A7}.Debug|Any CPU.ActiveCfg = Debug|Any CPU
		{CD9FAD12-8C74-476F-8B90-BBB1614363A7}.Debug|Any CPU.Build.0 = Debug|Any CPU
		{CD9FAD12-8C74-476F-8B90-BBB1614363A7}.Debug|x64.ActiveCfg = Debug|Any CPU
		{CD9FAD12-8C74-476F-8B90-BBB1614363A7}.Debug|x64.Build.0 = Debug|Any CPU
		{CD9FAD12-8C74-476F-8B90-BBB1614363A7}.Debug|x86.ActiveCfg = Debug|Any CPU
		{CD9FAD12-8C74-476F-8B90-BBB1614363A7}.Debug|x86.Build.0 = Debug|Any CPU
		{CD9FAD12-8C74-476F-8B90-BBB1614363A7}.Release|Any CPU.ActiveCfg = Release|Any CPU
		{CD9FAD12-8C74-476F-8B90-BBB1614363A7}.Release|Any CPU.Build.0 = Release|Any CPU
		{CD9FAD12-8C74-476F-8B90-BBB1614363A7}.Release|x64.ActiveCfg = Release|Any CPU
		{CD9FAD12-8C74-476F-8B90-BBB1614363A7}.Release|x64.Build.0 = Release|Any CPU
		{CD9FAD12-8C74-476F-8B90-BBB1614363A7}.Release|x86.ActiveCfg = Release|Any CPU
		{CD9FAD12-8C74-476F-8B90-BBB1614363A7}.Release|x86.Build.0 = Release|Any CPU
		{56C9D07B-957D-47E8-B0A7-808DBBBDA503}.Debug|Any CPU.ActiveCfg = Debug|Any CPU
		{56C9D07B-957D-47E8-B0A7-808DBBBDA503}.Debug|Any CPU.Build.0 = Debug|Any CPU
		{56C9D07B-957D-47E8-B0A7-808DBBBDA503}.Debug|x64.ActiveCfg = Debug|Any CPU
		{56C9D07B-957D-47E8-B0A7-808DBBBDA503}.Debug|x64.Build.0 = Debug|Any CPU
		{56C9D07B-957D-47E8-B0A7-808DBBBDA503}.Debug|x86.ActiveCfg = Debug|Any CPU
		{56C9D07B-957D-47E8-B0A7-808DBBBDA503}.Debug|x86.Build.0 = Debug|Any CPU
		{56C9D07B-957D-47E8-B0A7-808DBBBDA503}.Release|Any CPU.ActiveCfg = Release|Any CPU
		{56C9D07B-957D-47E8-B0A7-808DBBBDA503}.Release|Any CPU.Build.0 = Release|Any CPU
		{56C9D07B-957D-47E8-B0A7-808DBBBDA503}.Release|x64.ActiveCfg = Release|Any CPU
		{56C9D07B-957D-47E8-B0A7-808DBBBDA503}.Release|x64.Build.0 = Release|Any CPU
		{56C9D07B-957D-47E8-B0A7-808DBBBDA503}.Release|x86.ActiveCfg = Release|Any CPU
		{56C9D07B-957D-47E8-B0A7-808DBBBDA503}.Release|x86.Build.0 = Release|Any CPU
	EndGlobalSection
	GlobalSection(SolutionProperties) = preSolution
		HideSolutionNode = FALSE
	EndGlobalSection
EndGlobal
